// !$*UTF8*$!
{
	archiveVersion = 1;
	classes = {
	};
	objectVersion = 46;
	objects = {

/* Begin PBXBuildFile section */
		211351871D52740900D2C0CD /* GridMovieCell.swift in Sources */ = {isa = PBXBuildFile; fileRef = 211351861D52740900D2C0CD /* GridMovieCell.swift */; };
		216C27B31D4FE1250043D977 /* AppDelegate.swift in Sources */ = {isa = PBXBuildFile; fileRef = 216C27B21D4FE1250043D977 /* AppDelegate.swift */; };
		216C27B81D4FE1250043D977 /* Main.storyboard in Resources */ = {isa = PBXBuildFile; fileRef = 216C27B61D4FE1250043D977 /* Main.storyboard */; };
		216C27BA1D4FE1250043D977 /* Assets.xcassets in Resources */ = {isa = PBXBuildFile; fileRef = 216C27B91D4FE1250043D977 /* Assets.xcassets */; };
		216C27BD1D4FE1250043D977 /* LaunchScreen.storyboard in Resources */ = {isa = PBXBuildFile; fileRef = 216C27BB1D4FE1250043D977 /* LaunchScreen.storyboard */; };
		216C27C51D4FE3520043D977 /* MoviesViewController.swift in Sources */ = {isa = PBXBuildFile; fileRef = 216C27C41D4FE3520043D977 /* MoviesViewController.swift */; };
		216C27C71D4FF6580043D977 /* MovieCell.swift in Sources */ = {isa = PBXBuildFile; fileRef = 216C27C61D4FF6580043D977 /* MovieCell.swift */; };
		216C27CA1D50120B0043D977 /* DetailViewController.swift in Sources */ = {isa = PBXBuildFile; fileRef = 216C27C91D50120B0043D977 /* DetailViewController.swift */; };
		21B0C4AC1D546A800047D35F /* PosterViewController.swift in Sources */ = {isa = PBXBuildFile; fileRef = 21B0C4AB1D546A800047D35F /* PosterViewController.swift */; };
		21B0C4AE1D5470290047D35F /* PosterStoryboardSegue.swift in Sources */ = {isa = PBXBuildFile; fileRef = 21B0C4AD1D5470290047D35F /* PosterStoryboardSegue.swift */; };
		21B0C4B01D5473DD0047D35F /* PosterStoryboardUnwindSegue.swift in Sources */ = {isa = PBXBuildFile; fileRef = 21B0C4AF1D5473DD0047D35F /* PosterStoryboardUnwindSegue.swift */; };
		21B0C4B21D55227A0047D35F /* UIViewExtensions.swift in Sources */ = {isa = PBXBuildFile; fileRef = 21B0C4B11D55227A0047D35F /* UIViewExtensions.swift */; };
		81A6FE315321F958AAA10E19 /* Pods_Flicks.framework in Frameworks */ = {isa = PBXBuildFile; fileRef = BCC0EA36AF22723E948A35FE /* Pods_Flicks.framework */; };
/* End PBXBuildFile section */

/* Begin PBXFileReference section */
		211351861D52740900D2C0CD /* GridMovieCell.swift */ = {isa = PBXFileReference; fileEncoding = 4; lastKnownFileType = sourcecode.swift; path = GridMovieCell.swift; sourceTree = "<group>"; };
		216C27AF1D4FE1240043D977 /* Flicks.app */ = {isa = PBXFileReference; explicitFileType = wrapper.application; includeInIndex = 0; path = Flicks.app; sourceTree = BUILT_PRODUCTS_DIR; };
		216C27B21D4FE1250043D977 /* AppDelegate.swift */ = {isa = PBXFileReference; lastKnownFileType = sourcecode.swift; path = AppDelegate.swift; sourceTree = "<group>"; };
		216C27B71D4FE1250043D977 /* Base */ = {isa = PBXFileReference; lastKnownFileType = file.storyboard; name = Base; path = Base.lproj/Main.storyboard; sourceTree = "<group>"; };
		216C27B91D4FE1250043D977 /* Assets.xcassets */ = {isa = PBXFileReference; lastKnownFileType = folder.assetcatalog; path = Assets.xcassets; sourceTree = "<group>"; };
		216C27BC1D4FE1250043D977 /* Base */ = {isa = PBXFileReference; lastKnownFileType = file.storyboard; name = Base; path = Base.lproj/LaunchScreen.storyboard; sourceTree = "<group>"; };
		216C27BE1D4FE1250043D977 /* Info.plist */ = {isa = PBXFileReference; lastKnownFileType = text.plist.xml; path = Info.plist; sourceTree = "<group>"; };
		216C27C41D4FE3520043D977 /* MoviesViewController.swift */ = {isa = PBXFileReference; fileEncoding = 4; lastKnownFileType = sourcecode.swift; path = MoviesViewController.swift; sourceTree = "<group>"; };
		216C27C61D4FF6580043D977 /* MovieCell.swift */ = {isa = PBXFileReference; fileEncoding = 4; lastKnownFileType = sourcecode.swift; path = MovieCell.swift; sourceTree = "<group>"; };
		216C27C91D50120B0043D977 /* DetailViewController.swift */ = {isa = PBXFileReference; fileEncoding = 4; lastKnownFileType = sourcecode.swift; path = DetailViewController.swift; sourceTree = "<group>"; };
		21B0C4AB1D546A800047D35F /* PosterViewController.swift */ = {isa = PBXFileReference; fileEncoding = 4; lastKnownFileType = sourcecode.swift; path = PosterViewController.swift; sourceTree = "<group>"; };
		21B0C4AD1D5470290047D35F /* PosterStoryboardSegue.swift */ = {isa = PBXFileReference; fileEncoding = 4; lastKnownFileType = sourcecode.swift; path = PosterStoryboardSegue.swift; sourceTree = "<group>"; };
		21B0C4AF1D5473DD0047D35F /* PosterStoryboardUnwindSegue.swift */ = {isa = PBXFileReference; fileEncoding = 4; lastKnownFileType = sourcecode.swift; path = PosterStoryboardUnwindSegue.swift; sourceTree = "<group>"; };
		21B0C4B11D55227A0047D35F /* UIViewExtensions.swift */ = {isa = PBXFileReference; fileEncoding = 4; lastKnownFileType = sourcecode.swift; path = UIViewExtensions.swift; sourceTree = "<group>"; };
		68707A9C9B40E53EFBC02375 /* Pods-Flicks.release.xcconfig */ = {isa = PBXFileReference; includeInIndex = 1; lastKnownFileType = text.xcconfig; name = "Pods-Flicks.release.xcconfig"; path = "Pods/Target Support Files/Pods-Flicks/Pods-Flicks.release.xcconfig"; sourceTree = "<group>"; };
		8A172A6BE100FF2CDCD443F3 /* Pods-Flicks.debug.xcconfig */ = {isa = PBXFileReference; includeInIndex = 1; lastKnownFileType = text.xcconfig; name = "Pods-Flicks.debug.xcconfig"; path = "Pods/Target Support Files/Pods-Flicks/Pods-Flicks.debug.xcconfig"; sourceTree = "<group>"; };
		BCC0EA36AF22723E948A35FE /* Pods_Flicks.framework */ = {isa = PBXFileReference; explicitFileType = wrapper.framework; includeInIndex = 0; path = Pods_Flicks.framework; sourceTree = BUILT_PRODUCTS_DIR; };
/* End PBXFileReference section */

/* Begin PBXFrameworksBuildPhase section */
		216C27AC1D4FE1240043D977 /* Frameworks */ = {
			isa = PBXFrameworksBuildPhase;
			buildActionMask = 2147483647;
			files = (
				81A6FE315321F958AAA10E19 /* Pods_Flicks.framework in Frameworks */,
			);
			runOnlyForDeploymentPostprocessing = 0;
		};
/* End PBXFrameworksBuildPhase section */

/* Begin PBXGroup section */
		216C27A61D4FE1240043D977 = {
			isa = PBXGroup;
			children = (
				216C27B11D4FE1250043D977 /* Flicks */,
				216C27B01D4FE1240043D977 /* Products */,
				E3269F131B0817565C424C7A /* Pods */,
				2BA8E9C975D54AC8D7B013D3 /* Frameworks */,
			);
			sourceTree = "<group>";
		};
		216C27B01D4FE1240043D977 /* Products */ = {
			isa = PBXGroup;
			children = (
				216C27AF1D4FE1240043D977 /* Flicks.app */,
			);
			name = Products;
			sourceTree = "<group>";
		};
		216C27B11D4FE1250043D977 /* Flicks */ = {
			isa = PBXGroup;
			children = (
				216C27C81D5009EF0043D977 /* Views */,
				216C27B21D4FE1250043D977 /* AppDelegate.swift */,
				216C27B61D4FE1250043D977 /* Main.storyboard */,
				216C27B91D4FE1250043D977 /* Assets.xcassets */,
				216C27BB1D4FE1250043D977 /* LaunchScreen.storyboard */,
				216C27BE1D4FE1250043D977 /* Info.plist */,
				216C27C41D4FE3520043D977 /* MoviesViewController.swift */,
				216C27C91D50120B0043D977 /* DetailViewController.swift */,
				21B0C4AB1D546A800047D35F /* PosterViewController.swift */,
				21B0C4AD1D5470290047D35F /* PosterStoryboardSegue.swift */,
				21B0C4AF1D5473DD0047D35F /* PosterStoryboardUnwindSegue.swift */,
				21B0C4B11D55227A0047D35F /* UIViewExtensions.swift */,
			);
			path = Flicks;
			sourceTree = "<group>";
		};
		216C27C81D5009EF0043D977 /* Views */ = {
			isa = PBXGroup;
			children = (
				216C27C61D4FF6580043D977 /* MovieCell.swift */,
				211351861D52740900D2C0CD /* GridMovieCell.swift */,
			);
			name = Views;
			sourceTree = "<group>";
		};
		2BA8E9C975D54AC8D7B013D3 /* Frameworks */ = {
			isa = PBXGroup;
			children = (
				BCC0EA36AF22723E948A35FE /* Pods_Flicks.framework */,
			);
			name = Frameworks;
			sourceTree = "<group>";
		};
		E3269F131B0817565C424C7A /* Pods */ = {
			isa = PBXGroup;
			children = (
				8A172A6BE100FF2CDCD443F3 /* Pods-Flicks.debug.xcconfig */,
				68707A9C9B40E53EFBC02375 /* Pods-Flicks.release.xcconfig */,
			);
			name = Pods;
			sourceTree = "<group>";
		};
/* End PBXGroup section */

/* Begin PBXNativeTarget section */
		216C27AE1D4FE1240043D977 /* Flicks */ = {
			isa = PBXNativeTarget;
			buildConfigurationList = 216C27C11D4FE1250043D977 /* Build configuration list for PBXNativeTarget "Flicks" */;
			buildPhases = (
				312EC971FD17BAAF582FE934 /* Check Pods Manifest.lock */,
				216C27AB1D4FE1240043D977 /* Sources */,
				216C27AC1D4FE1240043D977 /* Frameworks */,
				216C27AD1D4FE1240043D977 /* Resources */,
				5E95F32A32E96F8F38688544 /* Embed Pods Frameworks */,
				D7F72BE6199C3AC1E16DDCDF /* Copy Pods Resources */,
			);
			buildRules = (
			);
			dependencies = (
			);
			name = Flicks;
			productName = Flicks;
			productReference = 216C27AF1D4FE1240043D977 /* Flicks.app */;
			productType = "com.apple.product-type.application";
		};
/* End PBXNativeTarget section */

/* Begin PBXProject section */
		216C27A71D4FE1240043D977 /* Project object */ = {
			isa = PBXProject;
			attributes = {
				LastSwiftUpdateCheck = 0730;
				LastUpgradeCheck = 0730;
				ORGANIZATIONNAME = "Gil Birman";
				TargetAttributes = {
					216C27AE1D4FE1240043D977 = {
						CreatedOnToolsVersion = 7.3.1;
					};
				};
			};
			buildConfigurationList = 216C27AA1D4FE1240043D977 /* Build configuration list for PBXProject "Flicks" */;
			compatibilityVersion = "Xcode 3.2";
			developmentRegion = English;
			hasScannedForEncodings = 0;
			knownRegions = (
				en,
				Base,
			);
			mainGroup = 216C27A61D4FE1240043D977;
			productRefGroup = 216C27B01D4FE1240043D977 /* Products */;
			projectDirPath = "";
			projectRoot = "";
			targets = (
				216C27AE1D4FE1240043D977 /* Flicks */,
			);
		};
/* End PBXProject section */

/* Begin PBXResourcesBuildPhase section */
		216C27AD1D4FE1240043D977 /* Resources */ = {
			isa = PBXResourcesBuildPhase;
			buildActionMask = 2147483647;
			files = (
				216C27BD1D4FE1250043D977 /* LaunchScreen.storyboard in Resources */,
				216C27BA1D4FE1250043D977 /* Assets.xcassets in Resources */,
				216C27B81D4FE1250043D977 /* Main.storyboard in Resources */,
			);
			runOnlyForDeploymentPostprocessing = 0;
		};
/* End PBXResourcesBuildPhase section */

/* Begin PBXShellScriptBuildPhase section */
		312EC971FD17BAAF582FE934 /* Check Pods Manifest.lock */ = {
			isa = PBXShellScriptBuildPhase;
			buildActionMask = 2147483647;
			files = (
			);
			inputPaths = (
			);
			name = "Check Pods Manifest.lock";
			outputPaths = (
			);
			runOnlyForDeploymentPostprocessing = 0;
			shellPath = /bin/sh;
			shellScript = "diff \"${PODS_ROOT}/../Podfile.lock\" \"${PODS_ROOT}/Manifest.lock\" > /dev/null\nif [[ $? != 0 ]] ; then\n    cat << EOM\nerror: The sandbox is not in sync with the Podfile.lock. Run 'pod install' or update your CocoaPods installation.\nEOM\n    exit 1\nfi\n";
			showEnvVarsInLog = 0;
		};
		5E95F32A32E96F8F38688544 /* Embed Pods Frameworks */ = {
			isa = PBXShellScriptBuildPhase;
			buildActionMask = 2147483647;
			files = (
			);
			inputPaths = (
			);
			name = "Embed Pods Frameworks";
			outputPaths = (
			);
			runOnlyForDeploymentPostprocessing = 0;
			shellPath = /bin/sh;
			shellScript = "\"${SRCROOT}/Pods/Target Support Files/Pods-Flicks/Pods-Flicks-frameworks.sh\"\n";
			showEnvVarsInLog = 0;
		};
		D7F72BE6199C3AC1E16DDCDF /* Copy Pods Resources */ = {
			isa = PBXShellScriptBuildPhase;
			buildActionMask = 2147483647;
			files = (
			);
			inputPaths = (
			);
			name = "Copy Pods Resources";
			outputPaths = (
			);
			runOnlyForDeploymentPostprocessing = 0;
			shellPath = /bin/sh;
			shellScript = "\"${SRCROOT}/Pods/Target Support Files/Pods-Flicks/Pods-Flicks-resources.sh\"\n";
			showEnvVarsInLog = 0;
		};
/* End PBXShellScriptBuildPhase section */

/* Begin PBXSourcesBuildPhase section */
		216C27AB1D4FE1240043D977 /* Sources */ = {
			isa = PBXSourcesBuildPhase;
			buildActionMask = 2147483647;
			files = (
				21B0C4B01D5473DD0047D35F /* PosterStoryboardUnwindSegue.swift in Sources */,
				216C27B31D4FE1250043D977 /* AppDelegate.swift in Sources */,
				21B0C4AE1D5470290047D35F /* PosterStoryboardSegue.swift in Sources */,
				216C27C51D4FE3520043D977 /* MoviesViewController.swift in Sources */,
				216C27C71D4FF6580043D977 /* MovieCell.swift in Sources */,
				216C27CA1D50120B0043D977 /* DetailViewController.swift in Sources */,
				211351871D52740900D2C0CD /* GridMovieCell.swift in Sources */,
				21B0C4B21D55227A0047D35F /* UIViewExtensions.swift in Sources */,
				21B0C4AC1D546A800047D35F /* PosterViewController.swift in Sources */,
			);
			runOnlyForDeploymentPostprocessing = 0;
		};
/* End PBXSourcesBuildPhase section */

/* Begin PBXVariantGroup section */
		216C27B61D4FE1250043D977 /* Main.storyboard */ = {
			isa = PBXVariantGroup;
			children = (
				216C27B71D4FE1250043D977 /* Base */,
			);
			name = Main.storyboard;
			sourceTree = "<group>";
		};
		216C27BB1D4FE1250043D977 /* LaunchScreen.storyboard */ = {
			isa = PBXVariantGroup;
			children = (
				216C27BC1D4FE1250043D977 /* Base */,
			);
			name = LaunchScreen.storyboard;
			sourceTree = "<group>";
		};
/* End PBXVariantGroup section */

/* Begin XCBuildConfiguration section */
		216C27BF1D4FE1250043D977 /* Debug */ = {
			isa = XCBuildConfiguration;
			buildSettings = {
				ALWAYS_SEARCH_USER_PATHS = NO;
				CLANG_ANALYZER_NONNULL = YES;
				CLANG_CXX_LANGUAGE_STANDARD = "gnu++0x";
				CLANG_CXX_LIBRARY = "libc++";
				CLANG_ENABLE_MODULES = YES;
				CLANG_ENABLE_OBJC_ARC = YES;
				CLANG_WARN_BOOL_CONVERSION = YES;
				CLANG_WARN_CONSTANT_CONVERSION = YES;
				CLANG_WARN_DIRECT_OBJC_ISA_USAGE = YES_ERROR;
				CLANG_WARN_EMPTY_BODY = YES;
				CLANG_WARN_ENUM_CONVERSION = YES;
				CLANG_WARN_INT_CONVERSION = YES;
				CLANG_WARN_OBJC_ROOT_CLASS = YES_ERROR;
				CLANG_WARN_UNREACHABLE_CODE = YES;
				CLANG_WARN__DUPLICATE_METHOD_MATCH = YES;
				"CODE_SIGN_IDENTITY[sdk=iphoneos*]" = "iPhone Developer";
				COPY_PHASE_STRIP = NO;
				DEBUG_INFORMATION_FORMAT = dwarf;
				ENABLE_STRICT_OBJC_MSGSEND = YES;
				ENABLE_TESTABILITY = YES;
				GCC_C_LANGUAGE_STANDARD = gnu99;
				GCC_DYNAMIC_NO_PIC = NO;
				GCC_NO_COMMON_BLOCKS = YES;
				GCC_OPTIMIZATION_LEVEL = 0;
				GCC_PREPROCESSOR_DEFINITIONS = (
					"DEBUG=1",
					"$(inherited)",
				);
				GCC_WARN_64_TO_32_BIT_CONVERSION = YES;
				GCC_WARN_ABOUT_RETURN_TYPE = YES_ERROR;
				GCC_WARN_UNDECLARED_SELECTOR = YES;
				GCC_WARN_UNINITIALIZED_AUTOS = YES_AGGRESSIVE;
				GCC_WARN_UNUSED_FUNCTION = YES;
				GCC_WARN_UNUSED_VARIABLE = YES;
				IPHONEOS_DEPLOYMENT_TARGET = 9.3;
				MTL_ENABLE_DEBUG_INFO = YES;
				ONLY_ACTIVE_ARCH = YES;
				SDKROOT = iphoneos;
				SWIFT_OPTIMIZATION_LEVEL = "-Onone";
				TARGETED_DEVICE_FAMILY = "1,2";
			};
			name = Debug;
		};
		216C27C01D4FE1250043D977 /* Release */ = {
			isa = XCBuildConfiguration;
			buildSettings = {
				ALWAYS_SEARCH_USER_PATHS = NO;
				CLANG_ANALYZER_NONNULL = YES;
				CLANG_CXX_LANGUAGE_STANDARD = "gnu++0x";
				CLANG_CXX_LIBRARY = "libc++";
				CLANG_ENABLE_MODULES = YES;
				CLANG_ENABLE_OBJC_ARC = YES;
				CLANG_WARN_BOOL_CONVERSION = YES;
				CLANG_WARN_CONSTANT_CONVERSION = YES;
				CLANG_WARN_DIRECT_OBJC_ISA_USAGE = YES_ERROR;
				CLANG_WARN_EMPTY_BODY = YES;
				CLANG_WARN_ENUM_CONVERSION = YES;
				CLANG_WARN_INT_CONVERSION = YES;
				CLANG_WARN_OBJC_ROOT_CLASS = YES_ERROR;
				CLANG_WARN_UNREACHABLE_CODE = YES;
				CLANG_WARN__DUPLICATE_METHOD_MATCH = YES;
				"CODE_SIGN_IDENTITY[sdk=iphoneos*]" = "iPhone Developer";
				COPY_PHASE_STRIP = NO;
				DEBUG_INFORMATION_FORMAT = "dwarf-with-dsym";
				ENABLE_NS_ASSERTIONS = NO;
				ENABLE_STRICT_OBJC_MSGSEND = YES;
				GCC_C_LANGUAGE_STANDARD = gnu99;
				GCC_NO_COMMON_BLOCKS = YES;
				GCC_WARN_64_TO_32_BIT_CONVERSION = YES;
				GCC_WARN_ABOUT_RETURN_TYPE = YES_ERROR;
				GCC_WARN_UNDECLARED_SELECTOR = YES;
				GCC_WARN_UNINITIALIZED_AUTOS = YES_AGGRESSIVE;
				GCC_WARN_UNUSED_FUNCTION = YES;
				GCC_WARN_UNUSED_VARIABLE = YES;
				IPHONEOS_DEPLOYMENT_TARGET = 9.3;
				MTL_ENABLE_DEBUG_INFO = NO;
				SDKROOT = iphoneos;
				TARGETED_DEVICE_FAMILY = "1,2";
				VALIDATE_PRODUCT = YES;
			};
			name = Release;
		};
		216C27C21D4FE1250043D977 /* Debug */ = {
			isa = XCBuildConfiguration;
			baseConfigurationReference = 8A172A6BE100FF2CDCD443F3 /* Pods-Flicks.debug.xcconfig */;
			buildSettings = {
				ASSETCATALOG_COMPILER_APPICON_NAME = AppIcon;
				INFOPLIST_FILE = Flicks/Info.plist;
				LD_RUNPATH_SEARCH_PATHS = "$(inherited) @executable_path/Frameworks";
				PRODUCT_BUNDLE_IDENTIFIER = com.gilbox.Flicks;
				PRODUCT_NAME = "$(TARGET_NAME)";
			};
			name = Debug;
		};
		216C27C31D4FE1250043D977 /* Release */ = {
			isa = XCBuildConfiguration;
			baseConfigurationReference = 68707A9C9B40E53EFBC02375 /* Pods-Flicks.release.xcconfig */;
			buildSettings = {
				ASSETCATALOG_COMPILER_APPICON_NAME = AppIcon;
				INFOPLIST_FILE = Flicks/Info.plist;
				LD_RUNPATH_SEARCH_PATHS = "$(inherited) @executable_path/Frameworks";
				PRODUCT_BUNDLE_IDENTIFIER = com.gilbox.Flicks;
				PRODUCT_NAME = "$(TARGET_NAME)";
			};
			name = Release;
		};
/* End XCBuildConfiguration section */

/* Begin XCConfigurationList section */
		216C27AA1D4FE1240043D977 /* Build configuration list for PBXProject "Flicks" */ = {
			isa = XCConfigurationList;
			buildConfigurations = (
				216C27BF1D4FE1250043D977 /* Debug */,
				216C27C01D4FE1250043D977 /* Release */,
			);
			defaultConfigurationIsVisible = 0;
			defaultConfigurationName = Release;
		};
		216C27C11D4FE1250043D977 /* Build configuration list for PBXNativeTarget "Flicks" */ = {
			isa = XCConfigurationList;
			buildConfigurations = (
				216C27C21D4FE1250043D977 /* Debug */,
				216C27C31D4FE1250043D977 /* Release */,
			);
			defaultConfigurationIsVisible = 0;
			defaultConfigurationName = Release;
		};
/* End XCConfigurationList section */
	};
	rootObject = 216C27A71D4FE1240043D977 /* Project object */;
}
